github.com/ebitengine/gomobile v0.0.0-20240518074828-e86332849895 h1:48bCqKTuD7Z0UovDfvpCn7wZ0GUZ+yosIteNDthn3FU=
github.com/ebitengine/hideconsole v1.0.0 h1:5J4U0kXF+pv/DhiXt5/lTz0eO5ogJ1iXb8Yj1yReDqE=
github.com/ebitengine/purego v0.7.0 h1:HPZpl61edMGCEW6XK2nsR6+7AnJ3unUxpTZBkkIXnMc=
github.com/hajimehoshi/ebiten/v2 v2.7.4 h1:X+heODRQ3Ie9F9QFjm24gEZqQd5FSfR9XuT2XfHwgf8=
github.com/jezek/xgb v1.1.1 h1:bE/r8ZZtSv7l9gk6nU0mYx51aXrvnyb44892TwSaqS4=
github.com/tinne26/etxt v0.0.8 h1:rjb58jkMkapRGLmhBMWnT76E/nMTXC5P1Q956BRZkoc=
github.com/tinne26/etxt v0.0.8/go.mod h1:QM/hlNkstsKC39elTFNKAR34xsMb9QoVosf+g9wlYxM=
github.com/tinne26/fonts/liberation/lbrtmono v0.0.0-20221031091443-c3477a835991 h1:u/cyO6ZwUGPr7RN0Txq63yBgjfSOzm3EsSOO8MOcXg4=
github.com/tinne26/fonts/liberation/lbrtmono v0.0.0-20221031091443-c3477a835991/go.mod h1:ecx/pXigN2rcE+IOtdENMipmee7hMp3Wt1G5XRHwAsE=
golang.org/x/image v0.16.0 h1:9kloLAKhUufZhA12l5fwnx2NZW39/we1UhBesW433jw=
golang.org/x/sync v0.7.0 h1:YsImfSBoP9QPYL0xyKJPq0gcaJdG3rInoqxTWbfQu9M=
golang.org/x/sys v0.20.0 h1:Od9JTbYCk261bKm4M/mw7AklTlFYIa0bIp9BgSm1S8Y=
golang.org/x/text v0.15.0 h1:h1V/4gjBv8v9cjcR6+AR5+/cIYK5N/WAgiv4xlsEtAk=
